
Microsoft Visual Studio Solution File, Format Version 12.00
# Visual Studio Version 17
VisualStudioVersion = 17.9.34723.18
MinimumVisualStudioVersion = 10.0.40219.1
Project("{FAE04EC0-301F-11D3-BF4B-00C04F79EFBC}") = "C#-LOGIN", "C#-LOGIN.csproj", "{6135C357-92CE-4D38-94F6-050C857150EE}"
EndProject
Global
	GlobalSection(SolutionConfigurationPlatforms) = preSolution
		Debug|Any CPU = Debug|Any CPU
		Release|Any CPU = Release|Any CPU
	EndGlobalSection
	GlobalSection(ProjectConfigurationPlatforms) = postSolution
		{6135C357-92CE-4D38-94F6-050C857150EE}.Debug|Any CPU.ActiveCfg = Debug|Any CPU
		{6135C357-92CE-4D38-94F6-050C857150EE}.Debug|Any CPU.Build.0 = Debug|Any CPU
		{6135C357-92CE-4D38-94F6-050C857150EE}.Release|Any CPU.ActiveCfg = Release|Any CPU
		{6135C357-92CE-4D38-94F6-050C857150EE}.Release|Any CPU.Build.0 = Release|Any CPU
	EndGlobalSection
	GlobalSection(SolutionProperties) = preSolution
		HideSolutionNode = FALSE
	EndGlobalSection
	GlobalSection(ExtensibilityGlobals) = postSolution
		SolutionGuid = {2D24C29F-86AD-4E48-B99F-A99948E8DC28}
	EndGlobalSection
EndGlobal
